// !$*UTF8*$!
{
	archiveVersion = 1;
	classes = {
	};
	objectVersion = 46;
	objects = {

/* Begin PBXBuildFile section */
		100055B41CCD790300984B35 /* ViewControllerItems.swift in Sources */ = {isa = PBXBuildFile; fileRef = 100055B31CCD790300984B35 /* ViewControllerItems.swift */; };
		100055B61CD04F6800984B35 /* AppPlistHelpers.swift in Sources */ = {isa = PBXBuildFile; fileRef = 100055B51CD04F6800984B35 /* AppPlistHelpers.swift */; };
		100055B81CDAC67700984B35 /* MasterTabViewController.swift in Sources */ = {isa = PBXBuildFile; fileRef = 100055B71CDAC67700984B35 /* MasterTabViewController.swift */; };
		100055BC1CDAE17600984B35 /* home.png in Resources */ = {isa = PBXBuildFile; fileRef = 100055B91CDAE17600984B35 /* home.png */; };
		100055BD1CDAE17600984B35 /* map-marker.png in Resources */ = {isa = PBXBuildFile; fileRef = 100055BA1CDAE17600984B35 /* map-marker.png */; };
		101079461B8FF5E300B3AADB /* AppDelegate.swift in Sources */ = {isa = PBXBuildFile; fileRef = 101079451B8FF5E300B3AADB /* AppDelegate.swift */; };
		1010794D1B8FF5E300B3AADB /* Main.storyboard in Resources */ = {isa = PBXBuildFile; fileRef = 1010794B1B8FF5E300B3AADB /* Main.storyboard */; };
		1010794F1B8FF5E300B3AADB /* Assets.xcassets in Resources */ = {isa = PBXBuildFile; fileRef = 1010794E1B8FF5E300B3AADB /* Assets.xcassets */; };
		101079781B90008300B3AADB /* Truck.swift in Sources */ = {isa = PBXBuildFile; fileRef = 101079771B90008300B3AADB /* Truck.swift */; };
		1010797A1B912B7A00B3AADB /* TruckCell.swift in Sources */ = {isa = PBXBuildFile; fileRef = 101079791B912B7A00B3AADB /* TruckCell.swift */; };
		1010797E1B92776F00B3AADB /* Palette.swift in Sources */ = {isa = PBXBuildFile; fileRef = 1010797D1B92776F00B3AADB /* Palette.swift */; };
		101079821B929C3600B3AADB /* powered_by_fries.png in Resources */ = {isa = PBXBuildFile; fileRef = 101079811B929C3600B3AADB /* powered_by_fries.png */; };
		101079841B92A00D00B3AADB /* the_outside_scoop.jpg in Resources */ = {isa = PBXBuildFile; fileRef = 101079831B92A00D00B3AADB /* the_outside_scoop.jpg */; };
		101079861B92A07600B3AADB /* the_spot.jpg in Resources */ = {isa = PBXBuildFile; fileRef = 101079851B92A07600B3AADB /* the_spot.jpg */; };
		101079881B92A17E00B3AADB /* street_eats_dsm.jpg in Resources */ = {isa = PBXBuildFile; fileRef = 101079871B92A17E00B3AADB /* street_eats_dsm.jpg */; };
		1010798A1B92A1BA00B3AADB /* lets_toast.jpg in Resources */ = {isa = PBXBuildFile; fileRef = 101079891B92A1BA00B3AADB /* lets_toast.jpg */; };
		1010798C1B92A24F00B3AADB /* parlo_pizza.jpg in Resources */ = {isa = PBXBuildFile; fileRef = 1010798B1B92A24F00B3AADB /* parlo_pizza.jpg */; };
		1010798E1B92A2FA00B3AADB /* ferinheit_pizza.jpg in Resources */ = {isa = PBXBuildFile; fileRef = 1010798D1B92A2FA00B3AADB /* ferinheit_pizza.jpg */; };
		101079901B92A31100B3AADB /* karams_grill.jpg in Resources */ = {isa = PBXBuildFile; fileRef = 1010798F1B92A31100B3AADB /* karams_grill.jpg */; };
		10674DE21C45CE92000D3E4C /* FBSDKCoreKit.framework in Frameworks */ = {isa = PBXBuildFile; fileRef = 10674DDF1C45CE92000D3E4C /* FBSDKCoreKit.framework */; };
		10674DE31C45CE92000D3E4C /* FBSDKLoginKit.framework in Frameworks */ = {isa = PBXBuildFile; fileRef = 10674DE01C45CE92000D3E4C /* FBSDKLoginKit.framework */; };
		10674DE41C45CE92000D3E4C /* FBSDKShareKit.framework in Frameworks */ = {isa = PBXBuildFile; fileRef = 10674DE11C45CE92000D3E4C /* FBSDKShareKit.framework */; };
		106F519A1C022FD100DA30C6 /* UserViewController.swift in Sources */ = {isa = PBXBuildFile; fileRef = 10AED1DC1BC1BE4C004FD47B /* UserViewController.swift */; };
		10738F4B1CB5FC1800BAC3CE /* MainLoginScreen.swift in Sources */ = {isa = PBXBuildFile; fileRef = 10738F4A1CB5FC1800BAC3CE /* MainLoginScreen.swift */; };
		10738F571CB8781800BAC3CE /* gear.png in Resources */ = {isa = PBXBuildFile; fileRef = 10738F561CB8781800BAC3CE /* gear.png */; };
		10738F5B1CBF290900BAC3CE /* App.plist in Resources */ = {isa = PBXBuildFile; fileRef = 10738F5A1CBF290900BAC3CE /* App.plist */; };
		10AED1CF1BC0B9AF004FD47B /* LaunchScreen.xib in Resources */ = {isa = PBXBuildFile; fileRef = 10AED1CE1BC0B9AF004FD47B /* LaunchScreen.xib */; };
		10AED1D71BC0C478004FD47B /* truck.png in Resources */ = {isa = PBXBuildFile; fileRef = 10AED1D61BC0C478004FD47B /* truck.png */; };
		10AED1DD1BC1BE4C004FD47B /* UserViewController.swift in Sources */ = {isa = PBXBuildFile; fileRef = 10AED1DC1BC1BE4C004FD47B /* UserViewController.swift */; };
		10B1E5FA1CF544B100C7FBE4 /* people.png in Resources */ = {isa = PBXBuildFile; fileRef = 10B1E5F91CF544B100C7FBE4 /* people.png */; };
		10D950491BFD7D4E00EC435B /* UserViewController.swift in Sources */ = {isa = PBXBuildFile; fileRef = 10AED1DC1BC1BE4C004FD47B /* UserViewController.swift */; };
		10D9504A1BFD7D4E00EC435B /* AppDelegate.swift in Sources */ = {isa = PBXBuildFile; fileRef = 101079451B8FF5E300B3AADB /* AppDelegate.swift */; };
		10D9504B1BFD7D4E00EC435B /* TruckFeedController.swift in Sources */ = {isa = PBXBuildFile; fileRef = 10DC61891BE863A60021B2D3 /* TruckFeedController.swift */; };
		10D9504C1BFD7D4E00EC435B /* TruckCell.swift in Sources */ = {isa = PBXBuildFile; fileRef = 101079791B912B7A00B3AADB /* TruckCell.swift */; };
		10D9504D1BFD7D4E00EC435B /* Palette.swift in Sources */ = {isa = PBXBuildFile; fileRef = 1010797D1B92776F00B3AADB /* Palette.swift */; };
		10D9504E1BFD7D4E00EC435B /* Truck.swift in Sources */ = {isa = PBXBuildFile; fileRef = 101079771B90008300B3AADB /* Truck.swift */; };
		10D950511BFD7D4E00EC435B /* the_outside_scoop.jpg in Resources */ = {isa = PBXBuildFile; fileRef = 101079831B92A00D00B3AADB /* the_outside_scoop.jpg */; };
		10D950521BFD7D4E00EC435B /* ferinheit_pizza.jpg in Resources */ = {isa = PBXBuildFile; fileRef = 1010798D1B92A2FA00B3AADB /* ferinheit_pizza.jpg */; };
		10D950531BFD7D4E00EC435B /* the_spot.jpg in Resources */ = {isa = PBXBuildFile; fileRef = 101079851B92A07600B3AADB /* the_spot.jpg */; };
		10D950541BFD7D4E00EC435B /* street_eats_dsm.jpg in Resources */ = {isa = PBXBuildFile; fileRef = 101079871B92A17E00B3AADB /* street_eats_dsm.jpg */; };
		10D950551BFD7D4E00EC435B /* Assets.xcassets in Resources */ = {isa = PBXBuildFile; fileRef = 1010794E1B8FF5E300B3AADB /* Assets.xcassets */; };
		10D950561BFD7D4E00EC435B /* Default-568h@2x.png in Resources */ = {isa = PBXBuildFile; fileRef = 10DC618B1BE8661E0021B2D3 /* Default-568h@2x.png */; };
		10D950571BFD7D4E00EC435B /* truck.png in Resources */ = {isa = PBXBuildFile; fileRef = 10AED1D61BC0C478004FD47B /* truck.png */; };
		10D950581BFD7D4E00EC435B /* karams_grill.jpg in Resources */ = {isa = PBXBuildFile; fileRef = 1010798F1B92A31100B3AADB /* karams_grill.jpg */; };
		10D950591BFD7D4E00EC435B /* Main.storyboard in Resources */ = {isa = PBXBuildFile; fileRef = 1010794B1B8FF5E300B3AADB /* Main.storyboard */; };
		10D9505A1BFD7D4E00EC435B /* powered_by_fries.png in Resources */ = {isa = PBXBuildFile; fileRef = 101079811B929C3600B3AADB /* powered_by_fries.png */; };
		10D9505B1BFD7D4E00EC435B /* lets_toast.jpg in Resources */ = {isa = PBXBuildFile; fileRef = 101079891B92A1BA00B3AADB /* lets_toast.jpg */; };
		10D9505C1BFD7D4E00EC435B /* LaunchScreen.xib in Resources */ = {isa = PBXBuildFile; fileRef = 10AED1CE1BC0B9AF004FD47B /* LaunchScreen.xib */; };
		10D9505D1BFD7D4E00EC435B /* parlo_pizza.jpg in Resources */ = {isa = PBXBuildFile; fileRef = 1010798B1B92A24F00B3AADB /* parlo_pizza.jpg */; };
		10DC618A1BE863A60021B2D3 /* TruckFeedController.swift in Sources */ = {isa = PBXBuildFile; fileRef = 10DC61891BE863A60021B2D3 /* TruckFeedController.swift */; };
		10DC618C1BE8661E0021B2D3 /* Default-568h@2x.png in Resources */ = {isa = PBXBuildFile; fileRef = 10DC618B1BE8661E0021B2D3 /* Default-568h@2x.png */; };
		10FBA3B01C8533A1001862A7 /* TruckOwner.swift in Sources */ = {isa = PBXBuildFile; fileRef = 10FBA3AF1C8533A1001862A7 /* TruckOwner.swift */; };
/* End PBXBuildFile section */

/* Begin PBXContainerItemProxy section */
		101079591B8FF5E300B3AADB /* PBXContainerItemProxy */ = {
			isa = PBXContainerItemProxy;
			containerPortal = 1010793A1B8FF5E300B3AADB /* Project object */;
			proxyType = 1;
			remoteGlobalIDString = 101079411B8FF5E300B3AADB;
			remoteInfo = TruckFeed;
		};
/* End PBXContainerItemProxy section */

/* Begin PBXFileReference section */
		03B62D40F32CB1BCC4A95A16 /* Pods-TruckFeed.release.xcconfig */ = {isa = PBXFileReference; includeInIndex = 1; lastKnownFileType = text.xcconfig; name = "Pods-TruckFeed.release.xcconfig"; path = "Pods/Target Support Files/Pods-TruckFeed/Pods-TruckFeed.release.xcconfig"; sourceTree = "<group>"; };
		100055B31CCD790300984B35 /* ViewControllerItems.swift */ = {isa = PBXFileReference; fileEncoding = 4; lastKnownFileType = sourcecode.swift; path = ViewControllerItems.swift; sourceTree = "<group>"; };
		100055B51CD04F6800984B35 /* AppPlistHelpers.swift */ = {isa = PBXFileReference; fileEncoding = 4; lastKnownFileType = sourcecode.swift; path = AppPlistHelpers.swift; sourceTree = "<group>"; };
		100055B71CDAC67700984B35 /* MasterTabViewController.swift */ = {isa = PBXFileReference; fileEncoding = 4; lastKnownFileType = sourcecode.swift; path = MasterTabViewController.swift; sourceTree = "<group>"; };
		100055B91CDAE17600984B35 /* home.png */ = {isa = PBXFileReference; lastKnownFileType = image.png; path = home.png; sourceTree = "<group>"; };
		100055BA1CDAE17600984B35 /* map-marker.png */ = {isa = PBXFileReference; lastKnownFileType = image.png; path = "map-marker.png"; sourceTree = "<group>"; };
		101079421B8FF5E300B3AADB /* TruckFeed.app */ = {isa = PBXFileReference; explicitFileType = wrapper.application; includeInIndex = 0; path = TruckFeed.app; sourceTree = BUILT_PRODUCTS_DIR; };
		101079451B8FF5E300B3AADB /* AppDelegate.swift */ = {isa = PBXFileReference; lastKnownFileType = sourcecode.swift; path = AppDelegate.swift; sourceTree = "<group>"; };
		1010794C1B8FF5E300B3AADB /* Base */ = {isa = PBXFileReference; lastKnownFileType = file.storyboard; name = Base; path = Base.lproj/Main.storyboard; sourceTree = "<group>"; };
		1010794E1B8FF5E300B3AADB /* Assets.xcassets */ = {isa = PBXFileReference; lastKnownFileType = folder.assetcatalog; path = Assets.xcassets; sourceTree = "<group>"; };
		101079531B8FF5E300B3AADB /* Info.plist */ = {isa = PBXFileReference; lastKnownFileType = text.plist.xml; path = Info.plist; sourceTree = "<group>"; };
		101079581B8FF5E300B3AADB /* TruckFeedTests.xctest */ = {isa = PBXFileReference; explicitFileType = wrapper.cfbundle; includeInIndex = 0; path = TruckFeedTests.xctest; sourceTree = BUILT_PRODUCTS_DIR; };
		1010795E1B8FF5E300B3AADB /* Info.plist */ = {isa = PBXFileReference; lastKnownFileType = text.plist.xml; path = Info.plist; sourceTree = "<group>"; };
		101079671B8FF5E300B3AADB /* TruckFeedUITests.swift */ = {isa = PBXFileReference; lastKnownFileType = sourcecode.swift; path = TruckFeedUITests.swift; sourceTree = "<group>"; };
		101079691B8FF5E300B3AADB /* Info.plist */ = {isa = PBXFileReference; lastKnownFileType = text.plist.xml; path = Info.plist; sourceTree = "<group>"; };
		101079771B90008300B3AADB /* Truck.swift */ = {isa = PBXFileReference; fileEncoding = 4; lastKnownFileType = sourcecode.swift; path = Truck.swift; sourceTree = "<group>"; };
		101079791B912B7A00B3AADB /* TruckCell.swift */ = {isa = PBXFileReference; fileEncoding = 4; lastKnownFileType = sourcecode.swift; path = TruckCell.swift; sourceTree = "<group>"; };
		1010797D1B92776F00B3AADB /* Palette.swift */ = {isa = PBXFileReference; fileEncoding = 4; lastKnownFileType = sourcecode.swift; path = Palette.swift; sourceTree = "<group>"; };
		101079811B929C3600B3AADB /* powered_by_fries.png */ = {isa = PBXFileReference; lastKnownFileType = image.png; path = powered_by_fries.png; sourceTree = "<group>"; };
		101079831B92A00D00B3AADB /* the_outside_scoop.jpg */ = {isa = PBXFileReference; lastKnownFileType = image.jpeg; path = the_outside_scoop.jpg; sourceTree = "<group>"; };
		101079851B92A07600B3AADB /* the_spot.jpg */ = {isa = PBXFileReference; lastKnownFileType = image.jpeg; path = the_spot.jpg; sourceTree = "<group>"; };
		101079871B92A17E00B3AADB /* street_eats_dsm.jpg */ = {isa = PBXFileReference; lastKnownFileType = image.jpeg; path = street_eats_dsm.jpg; sourceTree = "<group>"; };
		101079891B92A1BA00B3AADB /* lets_toast.jpg */ = {isa = PBXFileReference; lastKnownFileType = image.jpeg; path = lets_toast.jpg; sourceTree = "<group>"; };
		1010798B1B92A24F00B3AADB /* parlo_pizza.jpg */ = {isa = PBXFileReference; lastKnownFileType = image.jpeg; path = parlo_pizza.jpg; sourceTree = "<group>"; };
		1010798D1B92A2FA00B3AADB /* ferinheit_pizza.jpg */ = {isa = PBXFileReference; lastKnownFileType = image.jpeg; path = ferinheit_pizza.jpg; sourceTree = "<group>"; };
		1010798F1B92A31100B3AADB /* karams_grill.jpg */ = {isa = PBXFileReference; lastKnownFileType = image.jpeg; path = karams_grill.jpg; sourceTree = "<group>"; };
		10674DDF1C45CE92000D3E4C /* FBSDKCoreKit.framework */ = {isa = PBXFileReference; lastKnownFileType = wrapper.framework; name = FBSDKCoreKit.framework; path = TruckFeed/FBSDKCoreKit.framework; sourceTree = "<group>"; };
		10674DE01C45CE92000D3E4C /* FBSDKLoginKit.framework */ = {isa = PBXFileReference; lastKnownFileType = wrapper.framework; name = FBSDKLoginKit.framework; path = TruckFeed/FBSDKLoginKit.framework; sourceTree = "<group>"; };
		10674DE11C45CE92000D3E4C /* FBSDKShareKit.framework */ = {isa = PBXFileReference; lastKnownFileType = wrapper.framework; name = FBSDKShareKit.framework; path = TruckFeed/FBSDKShareKit.framework; sourceTree = "<group>"; };
		10674DE51C45CF97000D3E4C /* Bridging-Header.h */ = {isa = PBXFileReference; fileEncoding = 4; lastKnownFileType = sourcecode.c.h; path = "Bridging-Header.h"; sourceTree = "<group>"; };
		10738F4A1CB5FC1800BAC3CE /* MainLoginScreen.swift */ = {isa = PBXFileReference; fileEncoding = 4; lastKnownFileType = sourcecode.swift; path = MainLoginScreen.swift; sourceTree = "<group>"; };
		10738F561CB8781800BAC3CE /* gear.png */ = {isa = PBXFileReference; lastKnownFileType = image.png; path = gear.png; sourceTree = "<group>"; };
		10738F5A1CBF290900BAC3CE /* App.plist */ = {isa = PBXFileReference; fileEncoding = 4; lastKnownFileType = text.plist.xml; path = App.plist; sourceTree = "<group>"; };
		10AED1CE1BC0B9AF004FD47B /* LaunchScreen.xib */ = {isa = PBXFileReference; fileEncoding = 4; lastKnownFileType = file.xib; path = LaunchScreen.xib; sourceTree = "<group>"; };
		10AED1D61BC0C478004FD47B /* truck.png */ = {isa = PBXFileReference; lastKnownFileType = image.png; path = truck.png; sourceTree = "<group>"; };
		10AED1DC1BC1BE4C004FD47B /* UserViewController.swift */ = {isa = PBXFileReference; fileEncoding = 4; lastKnownFileType = sourcecode.swift; path = UserViewController.swift; sourceTree = "<group>"; };
		10B1E5F91CF544B100C7FBE4 /* people.png */ = {isa = PBXFileReference; lastKnownFileType = image.png; path = people.png; sourceTree = "<group>"; };
		10D950631BFD7D4E00EC435B /* TruckFeedUITests.app */ = {isa = PBXFileReference; explicitFileType = wrapper.application; includeInIndex = 0; path = TruckFeedUITests.app; sourceTree = BUILT_PRODUCTS_DIR; };
		10D950641BFD7D4F00EC435B /* TruckFeed copy-Info.plist */ = {isa = PBXFileReference; lastKnownFileType = text.plist.xml; name = "TruckFeed copy-Info.plist"; path = "/Users/jessicale/Repositories/TruckFeed/TruckFeed/TruckFeed copy-Info.plist"; sourceTree = "<absolute>"; };
		10DC61891BE863A60021B2D3 /* TruckFeedController.swift */ = {isa = PBXFileReference; fileEncoding = 4; lastKnownFileType = sourcecode.swift; path = TruckFeedController.swift; sourceTree = "<group>"; };
		10DC618B1BE8661E0021B2D3 /* Default-568h@2x.png */ = {isa = PBXFileReference; lastKnownFileType = image.png; path = "Default-568h@2x.png"; sourceTree = "<group>"; };
		10FBA3AF1C8533A1001862A7 /* TruckOwner.swift */ = {isa = PBXFileReference; fileEncoding = 4; lastKnownFileType = sourcecode.swift; path = TruckOwner.swift; sourceTree = "<group>"; };
		443B0851ABEFCC1B086F9EDA /* libPods-TruckFeed.a */ = {isa = PBXFileReference; explicitFileType = archive.ar; includeInIndex = 0; path = "libPods-TruckFeed.a"; sourceTree = BUILT_PRODUCTS_DIR; };
		60C62C7E9AF29DD8AC8BC09B /* Pods-TruckFeedTests.release.xcconfig */ = {isa = PBXFileReference; includeInIndex = 1; lastKnownFileType = text.xcconfig; name = "Pods-TruckFeedTests.release.xcconfig"; path = "Pods/Target Support Files/Pods-TruckFeedTests/Pods-TruckFeedTests.release.xcconfig"; sourceTree = "<group>"; };
		6321F900B9B42BD32201CE2A /* Pods-TruckFeed.debug.xcconfig */ = {isa = PBXFileReference; includeInIndex = 1; lastKnownFileType = text.xcconfig; name = "Pods-TruckFeed.debug.xcconfig"; path = "Pods/Target Support Files/Pods-TruckFeed/Pods-TruckFeed.debug.xcconfig"; sourceTree = "<group>"; };
		66F26F82831BFDA08FB17A79 /* Pods-TruckFeedTests.debug.xcconfig */ = {isa = PBXFileReference; includeInIndex = 1; lastKnownFileType = text.xcconfig; name = "Pods-TruckFeedTests.debug.xcconfig"; path = "Pods/Target Support Files/Pods-TruckFeedTests/Pods-TruckFeedTests.debug.xcconfig"; sourceTree = "<group>"; };
		AAA919C40A5A01A525B1FE52 /* libPods-TruckFeedTests.a */ = {isa = PBXFileReference; explicitFileType = archive.ar; includeInIndex = 0; path = "libPods-TruckFeedTests.a"; sourceTree = BUILT_PRODUCTS_DIR; };
/* End PBXFileReference section */

/* Begin PBXFrameworksBuildPhase section */
		1010793F1B8FF5E300B3AADB /* Frameworks */ = {
			isa = PBXFrameworksBuildPhase;
			buildActionMask = 2147483647;
			files = (
				10674DE31C45CE92000D3E4C /* FBSDKLoginKit.framework in Frameworks */,
				10674DE21C45CE92000D3E4C /* FBSDKCoreKit.framework in Frameworks */,
				10674DE41C45CE92000D3E4C /* FBSDKShareKit.framework in Frameworks */,
			);
			runOnlyForDeploymentPostprocessing = 0;
		};
		101079551B8FF5E300B3AADB /* Frameworks */ = {
			isa = PBXFrameworksBuildPhase;
			buildActionMask = 2147483647;
			files = (
			);
			runOnlyForDeploymentPostprocessing = 0;
		};
		10D9504F1BFD7D4E00EC435B /* Frameworks */ = {
			isa = PBXFrameworksBuildPhase;
			buildActionMask = 2147483647;
			files = (
			);
			runOnlyForDeploymentPostprocessing = 0;
		};
/* End PBXFrameworksBuildPhase section */

/* Begin PBXGroup section */
		101079391B8FF5E300B3AADB = {
			isa = PBXGroup;
			children = (
				101079441B8FF5E300B3AADB /* TruckFeed */,
				1010795B1B8FF5E300B3AADB /* TruckFeedTests */,
				101079661B8FF5E300B3AADB /* TruckFeedUITests */,
				101079431B8FF5E300B3AADB /* Products */,
				3C37454694ADD4529A0A74F2 /* Pods */,
				AA7DC550C5D9247F9BEF5586 /* Frameworks */,
				10D950641BFD7D4F00EC435B /* TruckFeed copy-Info.plist */,
			);
			sourceTree = "<group>";
		};
		101079431B8FF5E300B3AADB /* Products */ = {
			isa = PBXGroup;
			children = (
				101079421B8FF5E300B3AADB /* TruckFeed.app */,
				101079581B8FF5E300B3AADB /* TruckFeedTests.xctest */,
				10D950631BFD7D4E00EC435B /* TruckFeedUITests.app */,
			);
			name = Products;
			sourceTree = "<group>";
		};
		101079441B8FF5E300B3AADB /* TruckFeed */ = {
			isa = PBXGroup;
			children = (
				10738F4A1CB5FC1800BAC3CE /* MainLoginScreen.swift */,
				10DC61891BE863A60021B2D3 /* TruckFeedController.swift */,
				101079801B929C2300B3AADB /* Resources */,
				101079451B8FF5E300B3AADB /* AppDelegate.swift */,
				1010794B1B8FF5E300B3AADB /* Main.storyboard */,
				1010797D1B92776F00B3AADB /* Palette.swift */,
				1010794E1B8FF5E300B3AADB /* Assets.xcassets */,
				101079531B8FF5E300B3AADB /* Info.plist */,
				10738F5A1CBF290900BAC3CE /* App.plist */,
				101079771B90008300B3AADB /* Truck.swift */,
				101079791B912B7A00B3AADB /* TruckCell.swift */,
				10AED1CE1BC0B9AF004FD47B /* LaunchScreen.xib */,
				10AED1DC1BC1BE4C004FD47B /* UserViewController.swift */,
				10674DE51C45CF97000D3E4C /* Bridging-Header.h */,
				10FBA3AF1C8533A1001862A7 /* TruckOwner.swift */,
				100055B31CCD790300984B35 /* ViewControllerItems.swift */,
				100055B51CD04F6800984B35 /* AppPlistHelpers.swift */,
				100055B71CDAC67700984B35 /* MasterTabViewController.swift */,
			);
			path = TruckFeed;
			sourceTree = "<group>";
		};
		1010795B1B8FF5E300B3AADB /* TruckFeedTests */ = {
			isa = PBXGroup;
			children = (
				1010795E1B8FF5E300B3AADB /* Info.plist */,
			);
			path = TruckFeedTests;
			sourceTree = "<group>";
		};
		101079661B8FF5E300B3AADB /* TruckFeedUITests */ = {
			isa = PBXGroup;
			children = (
				101079671B8FF5E300B3AADB /* TruckFeedUITests.swift */,
				101079691B8FF5E300B3AADB /* Info.plist */,
			);
			path = TruckFeedUITests;
			sourceTree = "<group>";
		};
		101079801B929C2300B3AADB /* Resources */ = {
			isa = PBXGroup;
			children = (
				10B1E5F91CF544B100C7FBE4 /* people.png */,
				100055B91CDAE17600984B35 /* home.png */,
				100055BA1CDAE17600984B35 /* map-marker.png */,
				10738F561CB8781800BAC3CE /* gear.png */,
				10DC618B1BE8661E0021B2D3 /* Default-568h@2x.png */,
				10AED1D61BC0C478004FD47B /* truck.png */,
				1010798F1B92A31100B3AADB /* karams_grill.jpg */,
				1010798D1B92A2FA00B3AADB /* ferinheit_pizza.jpg */,
				1010798B1B92A24F00B3AADB /* parlo_pizza.jpg */,
				101079891B92A1BA00B3AADB /* lets_toast.jpg */,
				101079871B92A17E00B3AADB /* street_eats_dsm.jpg */,
				101079851B92A07600B3AADB /* the_spot.jpg */,
				101079831B92A00D00B3AADB /* the_outside_scoop.jpg */,
				101079811B929C3600B3AADB /* powered_by_fries.png */,
			);
			name = Resources;
			sourceTree = "<group>";
		};
		3C37454694ADD4529A0A74F2 /* Pods */ = {
			isa = PBXGroup;
			children = (
				6321F900B9B42BD32201CE2A /* Pods-TruckFeed.debug.xcconfig */,
				03B62D40F32CB1BCC4A95A16 /* Pods-TruckFeed.release.xcconfig */,
				66F26F82831BFDA08FB17A79 /* Pods-TruckFeedTests.debug.xcconfig */,
				60C62C7E9AF29DD8AC8BC09B /* Pods-TruckFeedTests.release.xcconfig */,
			);
			name = Pods;
			sourceTree = "<group>";
		};
		AA7DC550C5D9247F9BEF5586 /* Frameworks */ = {
			isa = PBXGroup;
			children = (
				10674DDF1C45CE92000D3E4C /* FBSDKCoreKit.framework */,
				10674DE01C45CE92000D3E4C /* FBSDKLoginKit.framework */,
				10674DE11C45CE92000D3E4C /* FBSDKShareKit.framework */,
				443B0851ABEFCC1B086F9EDA /* libPods-TruckFeed.a */,
				AAA919C40A5A01A525B1FE52 /* libPods-TruckFeedTests.a */,
			);
			name = Frameworks;
			sourceTree = "<group>";
		};
/* End PBXGroup section */

/* Begin PBXNativeTarget section */
		101079411B8FF5E300B3AADB /* TruckFeed */ = {
			isa = PBXNativeTarget;
			buildConfigurationList = 1010796C1B8FF5E300B3AADB /* Build configuration list for PBXNativeTarget "TruckFeed" */;
			buildPhases = (
				71C7D52F32A6BB92BBD80CB3 /* Check Pods Manifest.lock */,
				1010793E1B8FF5E300B3AADB /* Sources */,
				1010793F1B8FF5E300B3AADB /* Frameworks */,
				101079401B8FF5E300B3AADB /* Resources */,
				EFCF0B3058DAE13A3B7E15F2 /* Copy Pods Resources */,
				5DBE45EFEF988F7890B339F6 /* Embed Pods Frameworks */,
			);
			buildRules = (
			);
			dependencies = (
			);
			name = TruckFeed;
			productName = TruckFeed;
			productReference = 101079421B8FF5E300B3AADB /* TruckFeed.app */;
			productType = "com.apple.product-type.application";
		};
		101079571B8FF5E300B3AADB /* TruckFeedTests */ = {
			isa = PBXNativeTarget;
			buildConfigurationList = 1010796F1B8FF5E300B3AADB /* Build configuration list for PBXNativeTarget "TruckFeedTests" */;
			buildPhases = (
				107A3A1321B889BE1520052F /* Check Pods Manifest.lock */,
				101079541B8FF5E300B3AADB /* Sources */,
				101079551B8FF5E300B3AADB /* Frameworks */,
				101079561B8FF5E300B3AADB /* Resources */,
				890D4D8482ADED5AC35AF382 /* Copy Pods Resources */,
				5ADA9FD613BE37F814ABD85E /* Embed Pods Frameworks */,
			);
			buildRules = (
			);
			dependencies = (
				1010795A1B8FF5E300B3AADB /* PBXTargetDependency */,
			);
			name = TruckFeedTests;
			productName = TruckFeedTests;
			productReference = 101079581B8FF5E300B3AADB /* TruckFeedTests.xctest */;
			productType = "com.apple.product-type.bundle.unit-test";
		};
		10D950461BFD7D4E00EC435B /* TruckFeedUITests */ = {
			isa = PBXNativeTarget;
			buildConfigurationList = 10D950601BFD7D4E00EC435B /* Build configuration list for PBXNativeTarget "TruckFeedUITests" */;
			buildPhases = (
				10D950471BFD7D4E00EC435B /* Check Pods Manifest.lock */,
				10D950481BFD7D4E00EC435B /* Sources */,
				10D9504F1BFD7D4E00EC435B /* Frameworks */,
				10D950501BFD7D4E00EC435B /* Resources */,
				10D9505E1BFD7D4E00EC435B /* Copy Pods Resources */,
				10D9505F1BFD7D4E00EC435B /* Embed Pods Frameworks */,
			);
			buildRules = (
			);
			dependencies = (
			);
			name = TruckFeedUITests;
			productName = TruckFeed;
			productReference = 10D950631BFD7D4E00EC435B /* TruckFeedUITests.app */;
			productType = "com.apple.product-type.application";
		};
/* End PBXNativeTarget section */

/* Begin PBXProject section */
		1010793A1B8FF5E300B3AADB /* Project object */ = {
			isa = PBXProject;
			attributes = {
				LastUpgradeCheck = 0700;
				ORGANIZATIONNAME = LoveLeJess;
				TargetAttributes = {
					101079411B8FF5E300B3AADB = {
						CreatedOnToolsVersion = 7.0;
					};
					101079571B8FF5E300B3AADB = {
						CreatedOnToolsVersion = 7.0;
						TestTargetID = 101079411B8FF5E300B3AADB;
					};
				};
			};
			buildConfigurationList = 1010793D1B8FF5E300B3AADB /* Build configuration list for PBXProject "TruckFeed" */;
			compatibilityVersion = "Xcode 3.2";
			developmentRegion = English;
			hasScannedForEncodings = 0;
			knownRegions = (
				en,
				Base,
			);
			mainGroup = 101079391B8FF5E300B3AADB;
			productRefGroup = 101079431B8FF5E300B3AADB /* Products */;
			projectDirPath = "";
			projectRoot = "";
			targets = (
				101079411B8FF5E300B3AADB /* TruckFeed */,
				101079571B8FF5E300B3AADB /* TruckFeedTests */,
				10D950461BFD7D4E00EC435B /* TruckFeedUITests */,
			);
		};
/* End PBXProject section */

/* Begin PBXResourcesBuildPhase section */
		101079401B8FF5E300B3AADB /* Resources */ = {
			isa = PBXResourcesBuildPhase;
			buildActionMask = 2147483647;
			files = (
				101079841B92A00D00B3AADB /* the_outside_scoop.jpg in Resources */,
				1010798E1B92A2FA00B3AADB /* ferinheit_pizza.jpg in Resources */,
				101079861B92A07600B3AADB /* the_spot.jpg in Resources */,
				101079881B92A17E00B3AADB /* street_eats_dsm.jpg in Resources */,
				100055BD1CDAE17600984B35 /* map-marker.png in Resources */,
				100055BC1CDAE17600984B35 /* home.png in Resources */,
				1010794F1B8FF5E300B3AADB /* Assets.xcassets in Resources */,
				10DC618C1BE8661E0021B2D3 /* Default-568h@2x.png in Resources */,
				10AED1D71BC0C478004FD47B /* truck.png in Resources */,
				101079901B92A31100B3AADB /* karams_grill.jpg in Resources */,
				1010794D1B8FF5E300B3AADB /* Main.storyboard in Resources */,
				101079821B929C3600B3AADB /* powered_by_fries.png in Resources */,
				10B1E5FA1CF544B100C7FBE4 /* people.png in Resources */,
				10738F5B1CBF290900BAC3CE /* App.plist in Resources */,
				1010798A1B92A1BA00B3AADB /* lets_toast.jpg in Resources */,
				10738F571CB8781800BAC3CE /* gear.png in Resources */,
				10AED1CF1BC0B9AF004FD47B /* LaunchScreen.xib in Resources */,
				1010798C1B92A24F00B3AADB /* parlo_pizza.jpg in Resources */,
			);
			runOnlyForDeploymentPostprocessing = 0;
		};
		101079561B8FF5E300B3AADB /* Resources */ = {
			isa = PBXResourcesBuildPhase;
			buildActionMask = 2147483647;
			files = (
			);
			runOnlyForDeploymentPostprocessing = 0;
		};
		10D950501BFD7D4E00EC435B /* Resources */ = {
			isa = PBXResourcesBuildPhase;
			buildActionMask = 2147483647;
			files = (
				10D950511BFD7D4E00EC435B /* the_outside_scoop.jpg in Resources */,
				10D950521BFD7D4E00EC435B /* ferinheit_pizza.jpg in Resources */,
				10D950531BFD7D4E00EC435B /* the_spot.jpg in Resources */,
				10D950541BFD7D4E00EC435B /* street_eats_dsm.jpg in Resources */,
				10D950551BFD7D4E00EC435B /* Assets.xcassets in Resources */,
				10D950561BFD7D4E00EC435B /* Default-568h@2x.png in Resources */,
				10D950571BFD7D4E00EC435B /* truck.png in Resources */,
				10D950581BFD7D4E00EC435B /* karams_grill.jpg in Resources */,
				10D950591BFD7D4E00EC435B /* Main.storyboard in Resources */,
				10D9505A1BFD7D4E00EC435B /* powered_by_fries.png in Resources */,
				10D9505B1BFD7D4E00EC435B /* lets_toast.jpg in Resources */,
				10D9505C1BFD7D4E00EC435B /* LaunchScreen.xib in Resources */,
				10D9505D1BFD7D4E00EC435B /* parlo_pizza.jpg in Resources */,
			);
			runOnlyForDeploymentPostprocessing = 0;
		};
/* End PBXResourcesBuildPhase section */

/* Begin PBXShellScriptBuildPhase section */
		107A3A1321B889BE1520052F /* Check Pods Manifest.lock */ = {
			isa = PBXShellScriptBuildPhase;
			buildActionMask = 2147483647;
			files = (
			);
			inputPaths = (
			);
			name = "Check Pods Manifest.lock";
			outputPaths = (
			);
			runOnlyForDeploymentPostprocessing = 0;
			shellPath = /bin/sh;
			shellScript = "
";
			showEnvVarsInLog = 0;
		};
		10D950471BFD7D4E00EC435B /* Check Pods Manifest.lock */ = {
			isa = PBXShellScriptBuildPhase;
			buildActionMask = 2147483647;
			files = (
			);
			inputPaths = (
			);
			name = "Check Pods Manifest.lock";
			outputPaths = (
			);
			runOnlyForDeploymentPostprocessing = 0;
			shellPath = /bin/sh;
			shellScript = "
";
			showEnvVarsInLog = 0;
		};
		10D9505E1BFD7D4E00EC435B /* Copy Pods Resources */ = {
			isa = PBXShellScriptBuildPhase;
			buildActionMask = 2147483647;
			files = (
			);
			inputPaths = (
			);
			name = "Copy Pods Resources";
			outputPaths = (
			);
			runOnlyForDeploymentPostprocessing = 0;
			shellPath = /bin/sh;
			shellScript = "
";
			showEnvVarsInLog = 0;
		};
		10D9505F1BFD7D4E00EC435B /* Embed Pods Frameworks */ = {
			isa = PBXShellScriptBuildPhase;
			buildActionMask = 2147483647;
			files = (
			);
			inputPaths = (
			);
			name = "Embed Pods Frameworks";
			outputPaths = (
			);
			runOnlyForDeploymentPostprocessing = 0;
			shellPath = /bin/sh;
			shellScript = "
";
			showEnvVarsInLog = 0;
		};
		5ADA9FD613BE37F814ABD85E /* Embed Pods Frameworks */ = {
			isa = PBXShellScriptBuildPhase;
			buildActionMask = 2147483647;
			files = (
			);
			inputPaths = (
			);
			name = "Embed Pods Frameworks";
			outputPaths = (
			);
			runOnlyForDeploymentPostprocessing = 0;
			shellPath = /bin/sh;
			shellScript = "";
			showEnvVarsInLog = 0;
		};
		5DBE45EFEF988F7890B339F6 /* Embed Pods Frameworks */ = {
			isa = PBXShellScriptBuildPhase;
			buildActionMask = 2147483647;
			files = (
			);
			inputPaths = (
			);
			name = "Embed Pods Frameworks";
			outputPaths = (
			);
			runOnlyForDeploymentPostprocessing = 0;
			shellPath = /bin/sh;
			shellScript = "
";
			showEnvVarsInLog = 0;
		};
		71C7D52F32A6BB92BBD80CB3 /* Check Pods Manifest.lock */ = {
			isa = PBXShellScriptBuildPhase;
			buildActionMask = 2147483647;
			files = (
			);
			inputPaths = (
			);
			name = "Check Pods Manifest.lock";
			outputPaths = (
			);
			runOnlyForDeploymentPostprocessing = 0;
			shellPath = /bin/sh;
			shellScript = "
";
			showEnvVarsInLog = 0;
		};
		890D4D8482ADED5AC35AF382 /* Copy Pods Resources */ = {
			isa = PBXShellScriptBuildPhase;
			buildActionMask = 2147483647;
			files = (
			);
			inputPaths = (
			);
			name = "Copy Pods Resources";
			outputPaths = (
			);
			runOnlyForDeploymentPostprocessing = 0;
			shellPath = /bin/sh;
			shellScript = "";
			showEnvVarsInLog = 0;
		};
		EFCF0B3058DAE13A3B7E15F2 /* Copy Pods Resources */ = {
			isa = PBXShellScriptBuildPhase;
			buildActionMask = 2147483647;
			files = (
			);
			inputPaths = (
			);
			name = "Copy Pods Resources";
			outputPaths = (
			);
			runOnlyForDeploymentPostprocessing = 0;
			shellPath = /bin/sh;
			shellScript = "
";
			showEnvVarsInLog = 0;
		};
/* End PBXShellScriptBuildPhase section */

/* Begin PBXSourcesBuildPhase section */
		1010793E1B8FF5E300B3AADB /* Sources */ = {
			isa = PBXSourcesBuildPhase;
			buildActionMask = 2147483647;
			files = (
				10FBA3B01C8533A1001862A7 /* TruckOwner.swift in Sources */,
				100055B81CDAC67700984B35 /* MasterTabViewController.swift in Sources */,
				100055B41CCD790300984B35 /* ViewControllerItems.swift in Sources */,
				100055B61CD04F6800984B35 /* AppPlistHelpers.swift in Sources */,
				10AED1DD1BC1BE4C004FD47B /* UserViewController.swift in Sources */,
				101079461B8FF5E300B3AADB /* AppDelegate.swift in Sources */,
				10DC618A1BE863A60021B2D3 /* TruckFeedController.swift in Sources */,
				1010797A1B912B7A00B3AADB /* TruckCell.swift in Sources */,
				1010797E1B92776F00B3AADB /* Palette.swift in Sources */,
				10738F4B1CB5FC1800BAC3CE /* MainLoginScreen.swift in Sources */,
				101079781B90008300B3AADB /* Truck.swift in Sources */,
			);
			runOnlyForDeploymentPostprocessing = 0;
		};
		101079541B8FF5E300B3AADB /* Sources */ = {
			isa = PBXSourcesBuildPhase;
			buildActionMask = 2147483647;
			files = (
				106F519A1C022FD100DA30C6 /* UserViewController.swift in Sources */,
			);
			runOnlyForDeploymentPostprocessing = 0;
		};
		10D950481BFD7D4E00EC435B /* Sources */ = {
			isa = PBXSourcesBuildPhase;
			buildActionMask = 2147483647;
			files = (
				10D950491BFD7D4E00EC435B /* UserViewController.swift in Sources */,
				10D9504A1BFD7D4E00EC435B /* AppDelegate.swift in Sources */,
				10D9504B1BFD7D4E00EC435B /* TruckFeedController.swift in Sources */,
				10D9504C1BFD7D4E00EC435B /* TruckCell.swift in Sources */,
				10D9504D1BFD7D4E00EC435B /* Palette.swift in Sources */,
				10D9504E1BFD7D4E00EC435B /* Truck.swift in Sources */,
			);
			runOnlyForDeploymentPostprocessing = 0;
		};
/* End PBXSourcesBuildPhase section */

/* Begin PBXTargetDependency section */
		1010795A1B8FF5E300B3AADB /* PBXTargetDependency */ = {
			isa = PBXTargetDependency;
			target = 101079411B8FF5E300B3AADB /* TruckFeed */;
			targetProxy = 101079591B8FF5E300B3AADB /* PBXContainerItemProxy */;
		};
/* End PBXTargetDependency section */

/* Begin PBXVariantGroup section */
		1010794B1B8FF5E300B3AADB /* Main.storyboard */ = {
			isa = PBXVariantGroup;
			children = (
				1010794C1B8FF5E300B3AADB /* Base */,
			);
			name = Main.storyboard;
			sourceTree = "<group>";
		};
/* End PBXVariantGroup section */

/* Begin XCBuildConfiguration section */
		1010796A1B8FF5E300B3AADB /* Debug */ = {
			isa = XCBuildConfiguration;
			buildSettings = {
				ALWAYS_SEARCH_USER_PATHS = NO;
				CLANG_CXX_LANGUAGE_STANDARD = "gnu++0x";
				CLANG_CXX_LIBRARY = "libc++";
				CLANG_ENABLE_MODULES = YES;
				CLANG_ENABLE_OBJC_ARC = YES;
				CLANG_WARN_BOOL_CONVERSION = YES;
				CLANG_WARN_CONSTANT_CONVERSION = YES;
				CLANG_WARN_DIRECT_OBJC_ISA_USAGE = YES_ERROR;
				CLANG_WARN_EMPTY_BODY = YES;
				CLANG_WARN_ENUM_CONVERSION = YES;
				CLANG_WARN_INT_CONVERSION = YES;
				CLANG_WARN_OBJC_ROOT_CLASS = YES_ERROR;
				CLANG_WARN_UNREACHABLE_CODE = YES;
				CLANG_WARN__DUPLICATE_METHOD_MATCH = YES;
				"CODE_SIGN_IDENTITY[sdk=iphoneos*]" = "iPhone Developer";
				COPY_PHASE_STRIP = NO;
				DEBUG_INFORMATION_FORMAT = dwarf;
				ENABLE_STRICT_OBJC_MSGSEND = YES;
				ENABLE_TESTABILITY = YES;
				GCC_C_LANGUAGE_STANDARD = gnu99;
				GCC_DYNAMIC_NO_PIC = NO;
				GCC_NO_COMMON_BLOCKS = YES;
				GCC_OPTIMIZATION_LEVEL = 0;
				GCC_PREPROCESSOR_DEFINITIONS = (
					"DEBUG=1",
					"$(inherited)",
				);
				GCC_WARN_64_TO_32_BIT_CONVERSION = YES;
				GCC_WARN_ABOUT_RETURN_TYPE = YES_ERROR;
				GCC_WARN_UNDECLARED_SELECTOR = YES;
				GCC_WARN_UNINITIALIZED_AUTOS = YES_AGGRESSIVE;
				GCC_WARN_UNUSED_FUNCTION = YES;
				GCC_WARN_UNUSED_VARIABLE = YES;
				IPHONEOS_DEPLOYMENT_TARGET = 9.0;
				MTL_ENABLE_DEBUG_INFO = YES;
				ONLY_ACTIVE_ARCH = YES;
				SDKROOT = iphoneos;
				SWIFT_OPTIMIZATION_LEVEL = "-Onone";
			};
			name = Debug;
		};
		1010796B1B8FF5E300B3AADB /* Release */ = {
			isa = XCBuildConfiguration;
			buildSettings = {
				ALWAYS_SEARCH_USER_PATHS = NO;
				CLANG_CXX_LANGUAGE_STANDARD = "gnu++0x";
				CLANG_CXX_LIBRARY = "libc++";
				CLANG_ENABLE_MODULES = YES;
				CLANG_ENABLE_OBJC_ARC = YES;
				CLANG_WARN_BOOL_CONVERSION = YES;
				CLANG_WARN_CONSTANT_CONVERSION = YES;
				CLANG_WARN_DIRECT_OBJC_ISA_USAGE = YES_ERROR;
				CLANG_WARN_EMPTY_BODY = YES;
				CLANG_WARN_ENUM_CONVERSION = YES;
				CLANG_WARN_INT_CONVERSION = YES;
				CLANG_WARN_OBJC_ROOT_CLASS = YES_ERROR;
				CLANG_WARN_UNREACHABLE_CODE = YES;
				CLANG_WARN__DUPLICATE_METHOD_MATCH = YES;
				"CODE_SIGN_IDENTITY[sdk=iphoneos*]" = "iPhone Developer";
				COPY_PHASE_STRIP = NO;
				DEBUG_INFORMATION_FORMAT = "dwarf-with-dsym";
				ENABLE_NS_ASSERTIONS = NO;
				ENABLE_STRICT_OBJC_MSGSEND = YES;
				GCC_C_LANGUAGE_STANDARD = gnu99;
				GCC_NO_COMMON_BLOCKS = YES;
				GCC_WARN_64_TO_32_BIT_CONVERSION = YES;
				GCC_WARN_ABOUT_RETURN_TYPE = YES_ERROR;
				GCC_WARN_UNDECLARED_SELECTOR = YES;
				GCC_WARN_UNINITIALIZED_AUTOS = YES_AGGRESSIVE;
				GCC_WARN_UNUSED_FUNCTION = YES;
				GCC_WARN_UNUSED_VARIABLE = YES;
				IPHONEOS_DEPLOYMENT_TARGET = 9.0;
				MTL_ENABLE_DEBUG_INFO = NO;
				SDKROOT = iphoneos;
				VALIDATE_PRODUCT = YES;
			};
			name = Release;
		};
		1010796D1B8FF5E300B3AADB /* Debug */ = {
			isa = XCBuildConfiguration;
			buildSettings = {
				ASSETCATALOG_COMPILER_APPICON_NAME = AppIcon;
				FRAMEWORK_SEARCH_PATHS = (
					"$(inherited)",
					"$(PROJECT_DIR)",
					"$(PROJECT_DIR)/TruckFeed",
					/Users/jessicale,
				);
				INFOPLIST_FILE = TruckFeed/Info.plist;
				IPHONEOS_DEPLOYMENT_TARGET = 8.4;
				LD_RUNPATH_SEARCH_PATHS = "$(inherited) @executable_path/Frameworks";
				PRODUCT_BUNDLE_IDENTIFIER = com.lovelejess.TruckFeed;
				PRODUCT_NAME = "$(TARGET_NAME)";
				SWIFT_OBJC_BRIDGING_HEADER = "";
				SWIFT_OBJC_INTERFACE_HEADER_NAME = "";
			};
			name = Debug;
		};
		1010796E1B8FF5E300B3AADB /* Release */ = {
			isa = XCBuildConfiguration;
			buildSettings = {
				ASSETCATALOG_COMPILER_APPICON_NAME = AppIcon;
				FRAMEWORK_SEARCH_PATHS = (
					"$(inherited)",
					"$(PROJECT_DIR)",
					"$(PROJECT_DIR)/TruckFeed",
					/Users/jessicale,
				);
				INFOPLIST_FILE = TruckFeed/Info.plist;
				IPHONEOS_DEPLOYMENT_TARGET = 8.4;
				LD_RUNPATH_SEARCH_PATHS = "$(inherited) @executable_path/Frameworks";
				PRODUCT_BUNDLE_IDENTIFIER = com.lovelejess.TruckFeed;
				PRODUCT_NAME = "$(TARGET_NAME)";
				SWIFT_OBJC_BRIDGING_HEADER = "";
				SWIFT_OBJC_INTERFACE_HEADER_NAME = "";
			};
			name = Release;
		};
		101079701B8FF5E300B3AADB /* Debug */ = {
			isa = XCBuildConfiguration;
			buildSettings = {
				BUNDLE_LOADER = "$(TEST_HOST)";
				FRAMEWORK_SEARCH_PATHS = (
					"$(inherited)",
					/Users/jessicale,
				);
				INFOPLIST_FILE = TruckFeedTests/Info.plist;
				IPHONEOS_DEPLOYMENT_TARGET = 8.4;
				LD_RUNPATH_SEARCH_PATHS = "$(inherited) @executable_path/Frameworks @loader_path/Frameworks";
				PRODUCT_BUNDLE_IDENTIFIER = com.lovelejess.TruckFeedTests;
				PRODUCT_NAME = "$(TARGET_NAME)";
				SWIFT_OBJC_BRIDGING_HEADER = "";
				TEST_HOST = "$(BUILT_PRODUCTS_DIR)/TruckFeed.app/TruckFeed";
			};
			name = Debug;
		};
		101079711B8FF5E300B3AADB /* Release */ = {
			isa = XCBuildConfiguration;
			buildSettings = {
				BUNDLE_LOADER = "$(TEST_HOST)";
				FRAMEWORK_SEARCH_PATHS = (
					"$(inherited)",
					/Users/jessicale,
				);
				INFOPLIST_FILE = TruckFeedTests/Info.plist;
				IPHONEOS_DEPLOYMENT_TARGET = 8.4;
				LD_RUNPATH_SEARCH_PATHS = "$(inherited) @executable_path/Frameworks @loader_path/Frameworks";
				PRODUCT_BUNDLE_IDENTIFIER = com.lovelejess.TruckFeedTests;
				PRODUCT_NAME = "$(TARGET_NAME)";
				SWIFT_OBJC_BRIDGING_HEADER = "";
				TEST_HOST = "$(BUILT_PRODUCTS_DIR)/TruckFeed.app/TruckFeed";
			};
			name = Release;
		};
		10D950611BFD7D4E00EC435B /* Debug */ = {
			isa = XCBuildConfiguration;
			buildSettings = {
				ASSETCATALOG_COMPILER_APPICON_NAME = AppIcon;
				FRAMEWORK_SEARCH_PATHS = (
					"$(inherited)",
					"$(PROJECT_DIR)",
					"$(PROJECT_DIR)/TruckFeed",
					/Users/jessicale,
				);
				INFOPLIST_FILE = "TruckFeed copy-Info.plist";
				IPHONEOS_DEPLOYMENT_TARGET = 8.4;
				LD_RUNPATH_SEARCH_PATHS = "$(inherited) @executable_path/Frameworks";
				PRODUCT_BUNDLE_IDENTIFIER = com.lovelejess.TruckFeed;
				PRODUCT_NAME = "$(TARGET_NAME)";
				SWIFT_OBJC_BRIDGING_HEADER = "";
				SWIFT_OBJC_INTERFACE_HEADER_NAME = "";
			};
			name = Debug;
		};
		10D950621BFD7D4E00EC435B /* Release */ = {
			isa = XCBuildConfiguration;
			buildSettings = {
				ASSETCATALOG_COMPILER_APPICON_NAME = AppIcon;
				FRAMEWORK_SEARCH_PATHS = (
					"$(inherited)",
					"$(PROJECT_DIR)",
					"$(PROJECT_DIR)/TruckFeed",
					/Users/jessicale,
				);
				INFOPLIST_FILE = "TruckFeed copy-Info.plist";
				IPHONEOS_DEPLOYMENT_TARGET = 8.4;
				LD_RUNPATH_SEARCH_PATHS = "$(inherited) @executable_path/Frameworks";
				PRODUCT_BUNDLE_IDENTIFIER = com.lovelejess.TruckFeed;
				PRODUCT_NAME = "$(TARGET_NAME)";
				SWIFT_OBJC_BRIDGING_HEADER = "";
				SWIFT_OBJC_INTERFACE_HEADER_NAME = "";
			};
			name = Release;
		};
/* End XCBuildConfiguration section */

/* Begin XCConfigurationList section */
		1010793D1B8FF5E300B3AADB /* Build configuration list for PBXProject "TruckFeed" */ = {
			isa = XCConfigurationList;
			buildConfigurations = (
				1010796A1B8FF5E300B3AADB /* Debug */,
				1010796B1B8FF5E300B3AADB /* Release */,
			);
			defaultConfigurationIsVisible = 0;
			defaultConfigurationName = Release;
		};
		1010796C1B8FF5E300B3AADB /* Build configuration list for PBXNativeTarget "TruckFeed" */ = {
			isa = XCConfigurationList;
			buildConfigurations = (
				1010796D1B8FF5E300B3AADB /* Debug */,
				1010796E1B8FF5E300B3AADB /* Release */,
			);
			defaultConfigurationIsVisible = 0;
			defaultConfigurationName = Release;
		};
		1010796F1B8FF5E300B3AADB /* Build configuration list for PBXNativeTarget "TruckFeedTests" */ = {
			isa = XCConfigurationList;
			buildConfigurations = (
				101079701B8FF5E300B3AADB /* Debug */,
				101079711B8FF5E300B3AADB /* Release */,
			);
			defaultConfigurationIsVisible = 0;
			defaultConfigurationName = Release;
		};
		10D950601BFD7D4E00EC435B /* Build configuration list for PBXNativeTarget "TruckFeedUITests" */ = {
			isa = XCConfigurationList;
			buildConfigurations = (
				10D950611BFD7D4E00EC435B /* Debug */,
				10D950621BFD7D4E00EC435B /* Release */,
			);
			defaultConfigurationIsVisible = 0;
			defaultConfigurationName = Release;
		};
/* End XCConfigurationList section */
	};
	rootObject = 1010793A1B8FF5E300B3AADB /* Project object */;
}
